// !$*UTF8*$!
{
	archiveVersion = 1;
	classes = {
	};
	objectVersion = 56;
	objects = {

/* Begin PBXBuildFile section */
		8EC649622AD576E600DC9A45 /* utils.cpp in Sources */ = {isa = PBXBuildFile; fileRef = 8EC6495B2AD576E600DC9A45 /* utils.cpp */; };
		8EC649632AD576E600DC9A45 /* fen.cpp in Sources */ = {isa = PBXBuildFile; fileRef = 8EC6495C2AD576E600DC9A45 /* fen.cpp */; };
		8EC649642AD576E600DC9A45 /* stock_wrapper.cpp in Sources */ = {isa = PBXBuildFile; fileRef = 8EC6495F2AD576E600DC9A45 /* stock_wrapper.cpp */; };
		8EC649652AD576E600DC9A45 /* main.cpp in Sources */ = {isa = PBXBuildFile; fileRef = 8EC649612AD576E600DC9A45 /* main.cpp */; };
		8EC64B582AD5843200DC9A45 /* bitboard.cpp in Sources */ = {isa = PBXBuildFile; fileRef = 8EC64B522AD5843200DC9A45 /* bitboard.cpp */; };
		8EC64B592AD5843200DC9A45 /* movegen.cpp in Sources */ = {isa = PBXBuildFile; fileRef = 8EC64B552AD5843200DC9A45 /* movegen.cpp */; };
		8EC64B5A2AD5843200DC9A45 /* position.cpp in Sources */ = {isa = PBXBuildFile; fileRef = 8EC64B572AD5843200DC9A45 /* position.cpp */; };
/* End PBXBuildFile section */

/* Begin PBXCopyFilesBuildPhase section */
		8E6D38CC2AC863A400FCE178 /* CopyFiles */ = {
			isa = PBXCopyFilesBuildPhase;
			buildActionMask = 2147483647;
			dstPath = /usr/share/man/man1/;
			dstSubfolderSpec = 0;
			files = (
			);
			runOnlyForDeploymentPostprocessing = 1;
		};
/* End PBXCopyFilesBuildPhase section */

/* Begin PBXFileReference section */
		8E6D38CE2AC863A400FCE178 /* Stockfish Line Sharpness */ = {isa = PBXFileReference; explicitFileType = "compiled.mach-o.executable"; includeInIndex = 0; path = "Stockfish Line Sharpness"; sourceTree = BUILT_PRODUCTS_DIR; };
		8EC6495B2AD576E600DC9A45 /* utils.cpp */ = {isa = PBXFileReference; fileEncoding = 4; lastKnownFileType = sourcecode.cpp.cpp; path = utils.cpp; sourceTree = "<group>"; };
		8EC6495C2AD576E600DC9A45 /* fen.cpp */ = {isa = PBXFileReference; fileEncoding = 4; lastKnownFileType = sourcecode.cpp.cpp; path = fen.cpp; sourceTree = "<group>"; };
		8EC6495D2AD576E600DC9A45 /* stock_wrapper.hpp */ = {isa = PBXFileReference; fileEncoding = 4; lastKnownFileType = sourcecode.cpp.h; path = stock_wrapper.hpp; sourceTree = "<group>"; };
		8EC6495E2AD576E600DC9A45 /* fen.hpp */ = {isa = PBXFileReference; fileEncoding = 4; lastKnownFileType = sourcecode.cpp.h; path = fen.hpp; sourceTree = "<group>"; };
		8EC6495F2AD576E600DC9A45 /* stock_wrapper.cpp */ = {isa = PBXFileReference; fileEncoding = 4; lastKnownFileType = sourcecode.cpp.cpp; path = stock_wrapper.cpp; sourceTree = "<group>"; };
		8EC649602AD576E600DC9A45 /* utils.hpp */ = {isa = PBXFileReference; fileEncoding = 4; lastKnownFileType = sourcecode.cpp.h; path = utils.hpp; sourceTree = "<group>"; };
		8EC649612AD576E600DC9A45 /* main.cpp */ = {isa = PBXFileReference; fileEncoding = 4; lastKnownFileType = sourcecode.cpp.cpp; path = main.cpp; sourceTree = "<group>"; };
		8EC64B512AD5843200DC9A45 /* types.h */ = {isa = PBXFileReference; fileEncoding = 4; lastKnownFileType = sourcecode.c.h; path = types.h; sourceTree = "<group>"; };
		8EC64B522AD5843200DC9A45 /* bitboard.cpp */ = {isa = PBXFileReference; fileEncoding = 4; lastKnownFileType = sourcecode.cpp.cpp; path = bitboard.cpp; sourceTree = "<group>"; };
		8EC64B532AD5843200DC9A45 /* bitboard.h */ = {isa = PBXFileReference; fileEncoding = 4; lastKnownFileType = sourcecode.c.h; path = bitboard.h; sourceTree = "<group>"; };
		8EC64B542AD5843200DC9A45 /* movegen.h */ = {isa = PBXFileReference; fileEncoding = 4; lastKnownFileType = sourcecode.c.h; path = movegen.h; sourceTree = "<group>"; };
		8EC64B552AD5843200DC9A45 /* movegen.cpp */ = {isa = PBXFileReference; fileEncoding = 4; lastKnownFileType = sourcecode.cpp.cpp; path = movegen.cpp; sourceTree = "<group>"; };
		8EC64B562AD5843200DC9A45 /* position.h */ = {isa = PBXFileReference; fileEncoding = 4; lastKnownFileType = sourcecode.c.h; path = position.h; sourceTree = "<group>"; };
		8EC64B572AD5843200DC9A45 /* position.cpp */ = {isa = PBXFileReference; fileEncoding = 4; lastKnownFileType = sourcecode.cpp.cpp; path = position.cpp; sourceTree = "<group>"; };
		8ED85C672ACC720B0030065D /* sys_process.h */ = {isa = PBXFileReference; lastKnownFileType = sourcecode.c.h; path = sys_process.h; sourceTree = "<group>"; };
/* End PBXFileReference section */

/* Begin PBXFrameworksBuildPhase section */
		8E6D38CB2AC863A400FCE178 /* Frameworks */ = {
			isa = PBXFrameworksBuildPhase;
			buildActionMask = 2147483647;
			files = (
			);
			runOnlyForDeploymentPostprocessing = 0;
		};
/* End PBXFrameworksBuildPhase section */

/* Begin PBXGroup section */
		8E6D38C52AC863A400FCE178 = {
			isa = PBXGroup;
			children = (
				8E6D38D02AC863A400FCE178 /* Stockfish Line Sharpness */,
				8E6D38CF2AC863A400FCE178 /* Products */,
			);
			sourceTree = "<group>";
		};
		8E6D38CF2AC863A400FCE178 /* Products */ = {
			isa = PBXGroup;
			children = (
				8E6D38CE2AC863A400FCE178 /* Stockfish Line Sharpness */,
			);
			name = Products;
			sourceTree = "<group>";
		};
		8E6D38D02AC863A400FCE178 /* Stockfish Line Sharpness */ = {
			isa = PBXGroup;
			children = (
				8ED85C672ACC720B0030065D /* sys_process.h */,
				8EC6495A2AD576E600DC9A45 /* src */,
			);
			path = "Stockfish Line Sharpness";
			sourceTree = "<group>";
		};
		8EC6495A2AD576E600DC9A45 /* src */ = {
			isa = PBXGroup;
			children = (
				8EC64B502AD5843200DC9A45 /* mini_stock */,
				8EC6495B2AD576E600DC9A45 /* utils.cpp */,
				8EC6495C2AD576E600DC9A45 /* fen.cpp */,
				8EC6495D2AD576E600DC9A45 /* stock_wrapper.hpp */,
				8EC6495E2AD576E600DC9A45 /* fen.hpp */,
				8EC6495F2AD576E600DC9A45 /* stock_wrapper.cpp */,
				8EC649602AD576E600DC9A45 /* utils.hpp */,
				8EC649612AD576E600DC9A45 /* main.cpp */,
			);
			path = src;
			sourceTree = "<group>";
		};
		8EC64B502AD5843200DC9A45 /* mini_stock */ = {
			isa = PBXGroup;
			children = (
				8EC64B512AD5843200DC9A45 /* types.h */,
				8EC64B522AD5843200DC9A45 /* bitboard.cpp */,
				8EC64B532AD5843200DC9A45 /* bitboard.h */,
				8EC64B542AD5843200DC9A45 /* movegen.h */,
				8EC64B552AD5843200DC9A45 /* movegen.cpp */,
				8EC64B562AD5843200DC9A45 /* position.h */,
				8EC64B572AD5843200DC9A45 /* position.cpp */,
			);
			path = mini_stock;
			sourceTree = "<group>";
		};
/* End PBXGroup section */

/* Begin PBXNativeTarget section */
		8E6D38CD2AC863A400FCE178 /* Stockfish Line Sharpness */ = {
			isa = PBXNativeTarget;
			buildConfigurationList = 8E6D38D52AC863A400FCE178 /* Build configuration list for PBXNativeTarget "Stockfish Line Sharpness" */;
			buildPhases = (
				8E6D38CA2AC863A400FCE178 /* Sources */,
				8E6D38CB2AC863A400FCE178 /* Frameworks */,
				8E6D38CC2AC863A400FCE178 /* CopyFiles */,
			);
			buildRules = (
			);
			dependencies = (
			);
			name = "Stockfish Line Sharpness";
			productName = "Stockfish Line Sharpness";
			productReference = 8E6D38CE2AC863A400FCE178 /* Stockfish Line Sharpness */;
			productType = "com.apple.product-type.tool";
		};
/* End PBXNativeTarget section */

/* Begin PBXProject section */
		8E6D38C62AC863A400FCE178 /* Project object */ = {
			isa = PBXProject;
			attributes = {
				BuildIndependentTargetsInParallel = 1;
				LastUpgradeCheck = 1500;
				TargetAttributes = {
					8E6D38CD2AC863A400FCE178 = {
						CreatedOnToolsVersion = 15.0;
					};
				};
			};
			buildConfigurationList = 8E6D38C92AC863A400FCE178 /* Build configuration list for PBXProject "Stockfish Line Sharpness" */;
			compatibilityVersion = "Xcode 14.0";
			developmentRegion = en;
			hasScannedForEncodings = 0;
			knownRegions = (
				en,
				Base,
			);
			mainGroup = 8E6D38C52AC863A400FCE178;
			packageReferences = (
			);
			productRefGroup = 8E6D38CF2AC863A400FCE178 /* Products */;
			projectDirPath = "";
			projectRoot = "";
			targets = (
				8E6D38CD2AC863A400FCE178 /* Stockfish Line Sharpness */,
			);
		};
/* End PBXProject section */

/* Begin PBXSourcesBuildPhase section */
		8E6D38CA2AC863A400FCE178 /* Sources */ = {
			isa = PBXSourcesBuildPhase;
			buildActionMask = 2147483647;
			files = (
				8EC649622AD576E600DC9A45 /* utils.cpp in Sources */,
				8EC649642AD576E600DC9A45 /* stock_wrapper.cpp in Sources */,
				8EC649652AD576E600DC9A45 /* main.cpp in Sources */,
				8EC64B592AD5843200DC9A45 /* movegen.cpp in Sources */,
				8EC64B5A2AD5843200DC9A45 /* position.cpp in Sources */,
				8EC649632AD576E600DC9A45 /* fen.cpp in Sources */,
				8EC64B582AD5843200DC9A45 /* bitboard.cpp in Sources */,
			);
			runOnlyForDeploymentPostprocessing = 0;
		};
/* End PBXSourcesBuildPhase section */

/* Begin XCBuildConfiguration section */
		8E6D38D32AC863A400FCE178 /* Debug */ = {
			isa = XCBuildConfiguration;
			buildSettings = {
				ALWAYS_SEARCH_USER_PATHS = NO;
				ASSETCATALOG_COMPILER_GENERATE_SWIFT_ASSET_SYMBOL_EXTENSIONS = YES;
				CLANG_ANALYZER_NONNULL = YES;
				CLANG_ANALYZER_NUMBER_OBJECT_CONVERSION = YES_AGGRESSIVE;
				CLANG_CXX_LANGUAGE_STANDARD = "gnu++20";
				CLANG_ENABLE_MODULES = YES;
				CLANG_ENABLE_OBJC_ARC = YES;
				CLANG_ENABLE_OBJC_WEAK = YES;
				CLANG_WARN_BLOCK_CAPTURE_AUTORELEASING = YES;
				CLANG_WARN_BOOL_CONVERSION = YES;
				CLANG_WARN_COMMA = YES;
				CLANG_WARN_CONSTANT_CONVERSION = YES;
				CLANG_WARN_DEPRECATED_OBJC_IMPLEMENTATIONS = YES;
				CLANG_WARN_DIRECT_OBJC_ISA_USAGE = YES_ERROR;
				CLANG_WARN_DOCUMENTATION_COMMENTS = YES;
				CLANG_WARN_EMPTY_BODY = YES;
				CLANG_WARN_ENUM_CONVERSION = YES;
				CLANG_WARN_INFINITE_RECURSION = YES;
				CLANG_WARN_INT_CONVERSION = YES;
				CLANG_WARN_NON_LITERAL_NULL_CONVERSION = YES;
				CLANG_WARN_OBJC_IMPLICIT_RETAIN_SELF = YES;
				CLANG_WARN_OBJC_LITERAL_CONVERSION = YES;
				CLANG_WARN_OBJC_ROOT_CLASS = YES_ERROR;
				CLANG_WARN_QUOTED_INCLUDE_IN_FRAMEWORK_HEADER = YES;
				CLANG_WARN_RANGE_LOOP_ANALYSIS = YES;
				CLANG_WARN_STRICT_PROTOTYPES = YES;
				CLANG_WARN_SUSPICIOUS_MOVE = YES;
				CLANG_WARN_UNGUARDED_AVAILABILITY = YES_AGGRESSIVE;
				CLANG_WARN_UNREACHABLE_CODE = YES;
				CLANG_WARN__DUPLICATE_METHOD_MATCH = YES;
				COPY_PHASE_STRIP = NO;
				DEBUG_INFORMATION_FORMAT = dwarf;
				ENABLE_STRICT_OBJC_MSGSEND = YES;
				ENABLE_TESTABILITY = YES;
				ENABLE_USER_SCRIPT_SANDBOXING = YES;
				GCC_C_LANGUAGE_STANDARD = gnu17;
				GCC_DYNAMIC_NO_PIC = NO;
				GCC_NO_COMMON_BLOCKS = YES;
				GCC_OPTIMIZATION_LEVEL = 0;
				GCC_PREPROCESSOR_DEFINITIONS = (
					"DEBUG=1",
					"$(inherited)",
				);
				GCC_WARN_64_TO_32_BIT_CONVERSION = YES;
				GCC_WARN_ABOUT_RETURN_TYPE = YES_ERROR;
				GCC_WARN_UNDECLARED_SELECTOR = YES;
				GCC_WARN_UNINITIALIZED_AUTOS = YES_AGGRESSIVE;
				GCC_WARN_UNUSED_FUNCTION = YES;
				GCC_WARN_UNUSED_VARIABLE = YES;
				HEADER_SEARCH_PATHS = "";
				LOCALIZATION_PREFERS_STRING_CATALOGS = YES;
				MACOSX_DEPLOYMENT_TARGET = 14.0;
				MTL_ENABLE_DEBUG_INFO = INCLUDE_SOURCE;
				MTL_FAST_MATH = YES;
				ONLY_ACTIVE_ARCH = YES;
				SDKROOT = macosx;
			};
			name = Debug;
		};
		8E6D38D42AC863A400FCE178 /* Release */ = {
			isa = XCBuildConfiguration;
			buildSettings = {
				ALWAYS_SEARCH_USER_PATHS = NO;
				ASSETCATALOG_COMPILER_GENERATE_SWIFT_ASSET_SYMBOL_EXTENSIONS = YES;
				CLANG_ANALYZER_NONNULL = YES;
				CLANG_ANALYZER_NUMBER_OBJECT_CONVERSION = YES_AGGRESSIVE;
				CLANG_CXX_LANGUAGE_STANDARD = "gnu++20";
				CLANG_ENABLE_MODULES = YES;
				CLANG_ENABLE_OBJC_ARC = YES;
				CLANG_ENABLE_OBJC_WEAK = YES;
				CLANG_WARN_BLOCK_CAPTURE_AUTORELEASING = YES;
				CLANG_WARN_BOOL_CONVERSION = YES;
				CLANG_WARN_COMMA = YES;
				CLANG_WARN_CONSTANT_CONVERSION = YES;
				CLANG_WARN_DEPRECATED_OBJC_IMPLEMENTATIONS = YES;
				CLANG_WARN_DIRECT_OBJC_ISA_USAGE = YES_ERROR;
				CLANG_WARN_DOCUMENTATION_COMMENTS = YES;
				CLANG_WARN_EMPTY_BODY = YES;
				CLANG_WARN_ENUM_CONVERSION = YES;
				CLANG_WARN_INFINITE_RECURSION = YES;
				CLANG_WARN_INT_CONVERSION = YES;
				CLANG_WARN_NON_LITERAL_NULL_CONVERSION = YES;
				CLANG_WARN_OBJC_IMPLICIT_RETAIN_SELF = YES;
				CLANG_WARN_OBJC_LITERAL_CONVERSION = YES;
				CLANG_WARN_OBJC_ROOT_CLASS = YES_ERROR;
				CLANG_WARN_QUOTED_INCLUDE_IN_FRAMEWORK_HEADER = YES;
				CLANG_WARN_RANGE_LOOP_ANALYSIS = YES;
				CLANG_WARN_STRICT_PROTOTYPES = YES;
				CLANG_WARN_SUSPICIOUS_MOVE = YES;
				CLANG_WARN_UNGUARDED_AVAILABILITY = YES_AGGRESSIVE;
				CLANG_WARN_UNREACHABLE_CODE = YES;
				CLANG_WARN__DUPLICATE_METHOD_MATCH = YES;
				COPY_PHASE_STRIP = NO;
				DEBUG_INFORMATION_FORMAT = "dwarf-with-dsym";
				ENABLE_NS_ASSERTIONS = NO;
				ENABLE_STRICT_OBJC_MSGSEND = YES;
				ENABLE_USER_SCRIPT_SANDBOXING = YES;
				GCC_C_LANGUAGE_STANDARD = gnu17;
				GCC_NO_COMMON_BLOCKS = YES;
				GCC_WARN_64_TO_32_BIT_CONVERSION = YES;
				GCC_WARN_ABOUT_RETURN_TYPE = YES_ERROR;
				GCC_WARN_UNDECLARED_SELECTOR = YES;
				GCC_WARN_UNINITIALIZED_AUTOS = YES_AGGRESSIVE;
				GCC_WARN_UNUSED_FUNCTION = YES;
				GCC_WARN_UNUSED_VARIABLE = YES;
				HEADER_SEARCH_PATHS = "";
				LOCALIZATION_PREFERS_STRING_CATALOGS = YES;
				MACOSX_DEPLOYMENT_TARGET = 14.0;
				MTL_ENABLE_DEBUG_INFO = NO;
				MTL_FAST_MATH = YES;
				SDKROOT = macosx;
			};
			name = Release;
		};
		8E6D38D62AC863A400FCE178 /* Debug */ = {
			isa = XCBuildConfiguration;
			buildSettings = {
				CODE_SIGN_STYLE = Automatic;
				DEVELOPMENT_TEAM = 3M7VMBAYZ4;
				ENABLE_HARDENED_RUNTIME = YES;
				PRODUCT_NAME = "$(TARGET_NAME)";
			};
			name = Debug;
		};
		8E6D38D72AC863A400FCE178 /* Release */ = {
			isa = XCBuildConfiguration;
			buildSettings = {
				CODE_SIGN_STYLE = Automatic;
				DEVELOPMENT_TEAM = 3M7VMBAYZ4;
				ENABLE_HARDENED_RUNTIME = YES;
				PRODUCT_NAME = "$(TARGET_NAME)";
			};
			name = Release;
		};
/* End XCBuildConfiguration section */

/* Begin XCConfigurationList section */
		8E6D38C92AC863A400FCE178 /* Build configuration list for PBXProject "Stockfish Line Sharpness" */ = {
			isa = XCConfigurationList;
			buildConfigurations = (
				8E6D38D32AC863A400FCE178 /* Debug */,
				8E6D38D42AC863A400FCE178 /* Release */,
			);
			defaultConfigurationIsVisible = 0;
			defaultConfigurationName = Release;
		};
		8E6D38D52AC863A400FCE178 /* Build configuration list for PBXNativeTarget "Stockfish Line Sharpness" */ = {
			isa = XCConfigurationList;
			buildConfigurations = (
				8E6D38D62AC863A400FCE178 /* Debug */,
				8E6D38D72AC863A400FCE178 /* Release */,
			);
			defaultConfigurationIsVisible = 0;
			defaultConfigurationName = Release;
		};
/* End XCConfigurationList section */
	};
	rootObject = 8E6D38C62AC863A400FCE178 /* Project object */;
}
